
Microsoft Visual Studio Solution File, Format Version 12.00
# Visual Studio 15
VisualStudioVersion = 15.0.26730.12
MinimumVisualStudioVersion = 10.0.40219.1
Project("{FAE04EC0-301F-11D3-BF4B-00C04F79EFBC}") = "CalculateBMI", "CalculateBMI\CalculateBMI.csproj", "{315E33A1-F422-47F0-9280-76923E4C00CF}"
EndProject
Global
	GlobalSection(SolutionConfigurationPlatforms) = preSolution
		Debug|Any CPU = Debug|Any CPU
		Release|Any CPU = Release|Any CPU
	EndGlobalSection
	GlobalSection(ProjectConfigurationPlatforms) = postSolution
		{315E33A1-F422-47F0-9280-76923E4C00CF}.Debug|Any CPU.ActiveCfg = Debug|Any CPU
		{315E33A1-F422-47F0-9280-76923E4C00CF}.Debug|Any CPU.Build.0 = Debug|Any CPU
		{315E33A1-F422-47F0-9280-76923E4C00CF}.Release|Any CPU.ActiveCfg = Release|Any CPU
		{315E33A1-F422-47F0-9280-76923E4C00CF}.Release|Any CPU.Build.0 = Release|Any CPU
	EndGlobalSection
	GlobalSection(SolutionProperties) = preSolution
		HideSolutionNode = FALSE
	EndGlobalSection
	GlobalSection(ExtensibilityGlobals) = postSolution
		SolutionGuid = {7598CE2E-48FC-4C23-A112-91DF571E182A}
	EndGlobalSection
EndGlobal
